
Microsoft Visual Studio Solution File, Format Version 12.00
# Visual Studio 15
VisualStudioVersion = 15.0.27703.2042
MinimumVisualStudioVersion = 10.0.40219.1
Project("{FAE04EC0-301F-11D3-BF4B-00C04F79EFBC}") = "Incomparison", "Incomparison\Incomparison.csproj", "{31CBDF9B-DF54-4E23-B084-ED7D1D4DBD1A}"
EndProject
Global
	GlobalSection(SolutionConfigurationPlatforms) = preSolution
		Debug|Any CPU = Debug|Any CPU
		Release|Any CPU = Release|Any CPU
	EndGlobalSection
	GlobalSection(ProjectConfigurationPlatforms) = postSolution
		{31CBDF9B-DF54-4E23-B084-ED7D1D4DBD1A}.Debug|Any CPU.ActiveCfg = Debug|Any CPU
		{31CBDF9B-DF54-4E23-B084-ED7D1D4DBD1A}.Debug|Any CPU.Build.0 = Debug|Any CPU
		{31CBDF9B-DF54-4E23-B084-ED7D1D4DBD1A}.Release|Any CPU.ActiveCfg = Release|Any CPU
		{31CBDF9B-DF54-4E23-B084-ED7D1D4DBD1A}.Release|Any CPU.Build.0 = Release|Any CPU
	EndGlobalSection
	GlobalSection(SolutionProperties) = preSolution
		HideSolutionNode = FALSE
	EndGlobalSection
	GlobalSection(ExtensibilityGlobals) = postSolution
		SolutionGuid = {3F3EF64C-B5DA-4CE3-AF0A-356E7CF332EB}
	EndGlobalSection
EndGlobal
