
Microsoft Visual Studio Solution File, Format Version 12.00
# Visual Studio 15
VisualStudioVersion = 15.0.27703.2042
MinimumVisualStudioVersion = 10.0.40219.1
Project("{FAE04EC0-301F-11D3-BF4B-00C04F79EFBC}") = "StringIO", "StringIO\StringIO.csproj", "{2BEFE3CA-7E21-4AAB-8122-700B5A68D85F}"
EndProject
Global
	GlobalSection(SolutionConfigurationPlatforms) = preSolution
		Debug|Any CPU = Debug|Any CPU
		Release|Any CPU = Release|Any CPU
	EndGlobalSection
	GlobalSection(ProjectConfigurationPlatforms) = postSolution
		{2BEFE3CA-7E21-4AAB-8122-700B5A68D85F}.Debug|Any CPU.ActiveCfg = Debug|Any CPU
		{2BEFE3CA-7E21-4AAB-8122-700B5A68D85F}.Debug|Any CPU.Build.0 = Debug|Any CPU
		{2BEFE3CA-7E21-4AAB-8122-700B5A68D85F}.Release|Any CPU.ActiveCfg = Release|Any CPU
		{2BEFE3CA-7E21-4AAB-8122-700B5A68D85F}.Release|Any CPU.Build.0 = Release|Any CPU
	EndGlobalSection
	GlobalSection(SolutionProperties) = preSolution
		HideSolutionNode = FALSE
	EndGlobalSection
	GlobalSection(ExtensibilityGlobals) = postSolution
		SolutionGuid = {13BA19C6-2E2E-4C8E-9829-5CC93E43DB93}
	EndGlobalSection
EndGlobal
